
Microsoft Visual Studio Solution File, Format Version 12.00
# Visual Studio 15
VisualStudioVersion = 15.0.27428.2043
MinimumVisualStudioVersion = 10.0.40219.1
Project("{FAE04EC0-301F-11D3-BF4B-00C04F79EFBC}") = "Etherclue", "CSCl\Etherclue.csproj", "{F856A989-ECE5-449C-8D9A-0A8AF8051BFC}"
EndProject
Global
	GlobalSection(SolutionConfigurationPlatforms) = preSolution
		Debug|Any CPU = Debug|Any CPU
		Release|Any CPU = Release|Any CPU
	EndGlobalSection
	GlobalSection(ProjectConfigurationPlatforms) = postSolution
		{F856A989-ECE5-449C-8D9A-0A8AF8051BFC}.Debug|Any CPU.ActiveCfg = Debug|Any CPU
		{F856A989-ECE5-449C-8D9A-0A8AF8051BFC}.Debug|Any CPU.Build.0 = Debug|Any CPU
		{F856A989-ECE5-449C-8D9A-0A8AF8051BFC}.Release|Any CPU.ActiveCfg = Release|Any CPU
		{F856A989-ECE5-449C-8D9A-0A8AF8051BFC}.Release|Any CPU.Build.0 = Release|Any CPU
	EndGlobalSection
	GlobalSection(SolutionProperties) = preSolution
		HideSolutionNode = FALSE
	EndGlobalSection
	GlobalSection(ExtensibilityGlobals) = postSolution
		SolutionGuid = {35FD988F-6894-4CF2-812E-E60890307026}
	EndGlobalSection
EndGlobal
